# THIS IS AN AUTOGENERATED FILE. DO NOT EDIT THIS FILE DIRECTLY.
# yarn lockfile v1


"@types/lodash@^4.14.157":
  version "4.14.157"
  resolved "https://registry.yarnpkg.com/@types/lodash/-/lodash-4.14.157.tgz#fdac1c52448861dfde1a2e1515dbc46e54926dc8"
  integrity sha512-Ft5BNFmv2pHDgxV5JDsndOWTRJ+56zte0ZpYLowp03tW+K+t8u8YMOzAnpuqPgzX6WO1XpDIUm7u04M8vdDiVQ==

"@types/node@^14.0.24":
  version "14.0.24"
  resolved "https://registry.yarnpkg.com/@types/node/-/node-14.0.24.tgz#b0f86f58564fa02a28b68f8b55d4cdec42e3b9d6"
  integrity sha512-btt/oNOiDWcSuI721MdL8VQGnjsKjlTMdrKyTcLCKeQp/n4AAMFJ961wMbp+09y8WuGPClDEv07RIItdXKIXAA==

"@types/vscode@^1.47.0":
  version "1.47.0"
  resolved "https://registry.yarnpkg.com/@types/vscode/-/vscode-1.47.0.tgz#4a4051c21ecaadcf383a2c4387bea282540e96de"
  integrity sha512-nJA37ykkz9FYA0ZOQUSc3OZnhuzEW2vUhUEo4MiduUo82jGwwcLfyvmgd/Q7b0WrZAAceojGhZybg319L24bTA==

lodash@^4.17.21:
  version "4.17.21"
  resolved "https://registry.yarnpkg.com/lodash/-/lodash-4.17.21.tgz#679591c564c3bffaae8454cf0b3df370c3d6911c"
  integrity sha512-v2kDEe57lecTulaDIuNTPy3Ry4gLGJ6Z1O3vE1krgXZNrsQ+LFTGHVxVjcXPs17LhbZVGedAJv8XZ1tvj5FvSg==

typescript@^3.9.7:
  version "3.9.7"
  resolved "https://registry.yarnpkg.com/typescript/-/typescript-3.9.7.tgz#98d600a5ebdc38f40cb277522f12dc800e9e25fa"
  integrity sha512-BLbiRkiBzAwsjut4x/dsibSTB6yWpwT5qWmC2OfuCg3GgVQCSgMs4vEctYPhsaGtd0AeuuHMkjZ2h2WG8MSzRw==
